{
  "name": "copilot-cli",
  "lockfileVersion": 3,
  "requires": true,
  "packages": {
    "": {
      "dependencies": {
        "@github/copilot": "1.0.70"
      }
    },
    "node_modules/@github/copilot": {
      "version": "1.0.70",
      "resolved": "https://registry.npmjs.org/@github/copilot/-/copilot-1.0.70.tgz",
      "integrity": "sha512-onEwx5tod9t31Lc2rT5ns6s/fY6jtdwVWS3Fzs8hKUjCv7LFIMGf71MLcikl4GBXn6cq44+HVdNzCMWnLjYl3g==",
      "license": "SEE LICENSE IN LICENSE.md",
      "dependencies": {
        "detect-libc": "^2.1.2"
      },
      "bin": {
        "copilot": "npm-loader.js"
      },
      "optionalDependencies": {
        "@github/copilot-darwin-arm64": "1.0.70",
        "@github/copilot-darwin-x64": "1.0.70",
        "@github/copilot-linux-arm64": "1.0.70",
        "@github/copilot-linux-x64": "1.0.70",
        "@github/copilot-linuxmusl-arm64": "1.0.70",
        "@github/copilot-linuxmusl-x64": "1.0.70",
        "@github/copilot-win32-arm64": "1.0.70",
        "@github/copilot-win32-x64": "1.0.70"
      }
    },
    "node_modules/@github/copilot-darwin-arm64": {
      "version": "1.0.70",
      "resolved": "https://registry.npmjs.org/@github/copilot-darwin-arm64/-/copilot-darwin-arm64-1.0.70.tgz",
      "integrity": "sha512-NewReqBmTxtAzApZNmUsY4Xqy8N086MiQm7k35i9i+WrGyRiHxdZ/n/lMLCkqWoelr7pZhcZ7gQ7fHbEq1KdoQ==",
      "cpu": [
        "arm64"
      ],
      "license": "SEE LICENSE IN LICENSE.md",
      "optional": true,
      "os": [
        "darwin"
      ],
      "bin": {
        "copilot-darwin-arm64": "copilot"
      }
    },
    "node_modules/@github/copilot-darwin-x64": {
      "version": "1.0.70",
      "resolved": "https://registry.npmjs.org/@github/copilot-darwin-x64/-/copilot-darwin-x64-1.0.70.tgz",
      "integrity": "sha512-ydUEYI3udNAjdMsLPFQLH/JG9YFKcxuAUxYIyOK+F/m/Of9nODKdYa2hw2mlLanP4cNyuxGLflu+rtIqIb+cPw==",
      "cpu": [
        "x64"
      ],
      "license": "SEE LICENSE IN LICENSE.md",
      "optional": true,
      "os": [
        "darwin"
      ],
      "bin": {
        "copilot-darwin-x64": "copilot"
      }
    },
    "node_modules/@github/copilot-linux-arm64": {
      "version": "1.0.70",
      "resolved": "https://registry.npmjs.org/@github/copilot-linux-arm64/-/copilot-linux-arm64-1.0.70.tgz",
      "integrity": "sha512-EpR3VEEqMy5M9t3cs+6FtjX/AhyfoefzmcMAjBls+RGv1fILjaAby+rhKHzX5YVSxOu9OyQDlQVHK3kxznTU5Q==",
      "cpu": [
        "arm64"
      ],
      "libc": [
        "glibc"
      ],
      "license": "SEE LICENSE IN LICENSE.md",
      "optional": true,
      "os": [
        "linux"
      ],
      "bin": {
        "copilot-linux-arm64": "copilot"
      }
    },
    "node_modules/@github/copilot-linux-x64": {
      "version": "1.0.70",
      "resolved": "https://registry.npmjs.org/@github/copilot-linux-x64/-/copilot-linux-x64-1.0.70.tgz",
      "integrity": "sha512-4pyNKunm7GEzQZ+09Dwr4BwixJVNcQGBeqiZPKWBGxcSipwj90t8tidLYdNjgmXJoLerANhXZcY52wJW/HubEA==",
      "cpu": [
        "x64"
      ],
      "libc": [
        "glibc"
      ],
      "license": "SEE LICENSE IN LICENSE.md",
      "optional": true,
      "os": [
        "linux"
      ],
      "bin": {
        "copilot-linux-x64": "copilot"
      }
    },
    "node_modules/@github/copilot-linuxmusl-arm64": {
      "version": "1.0.70",
      "resolved": "https://registry.npmjs.org/@github/copilot-linuxmusl-arm64/-/copilot-linuxmusl-arm64-1.0.70.tgz",
      "integrity": "sha512-Xy3tDjIMmMkZZzJjCrK5aDCLLV5+pyOfIcT1lWLmqVWJG0erpHXL6KU82nGW+0nc0TPqGZFHvOyQeLuXl+s3ZA==",
      "cpu": [
        "arm64"
      ],
      "libc": [
        "musl"
      ],
      "license": "SEE LICENSE IN LICENSE.md",
      "optional": true,
      "os": [
        "linux"
      ],
      "bin": {
        "copilot-linuxmusl-arm64": "copilot"
      }
    },
    "node_modules/@github/copilot-linuxmusl-x64": {
      "version": "1.0.70",
      "resolved": "https://registry.npmjs.org/@github/copilot-linuxmusl-x64/-/copilot-linuxmusl-x64-1.0.70.tgz",
      "integrity": "sha512-AHWayI1lVTzxYkNkKrCBOo3XPG+Fb67zcqFivRjGaXG5tr9Bt870LIjIAWoJqQ1Clc3K2PsxyYZ1d8T6vjpWnA==",
      "cpu": [
        "x64"
      ],
      "libc": [
        "musl"
      ],
      "license": "SEE LICENSE IN LICENSE.md",
      "optional": true,
      "os": [
        "linux"
      ],
      "bin": {
        "copilot-linuxmusl-x64": "copilot"
      }
    },
    "node_modules/@github/copilot-win32-arm64": {
      "version": "1.0.70",
      "resolved": "https://registry.npmjs.org/@github/copilot-win32-arm64/-/copilot-win32-arm64-1.0.70.tgz",
      "integrity": "sha512-oWsWCTlUyIv4S3FdYoBNCscndLrUv+C3qgbfJ9mf+5igPqbIYL8alkc8FBHWPB/cornDNj65yd4s8dZrSkFPpg==",
      "cpu": [
        "arm64"
      ],
      "license": "SEE LICENSE IN LICENSE.md",
      "optional": true,
      "os": [
        "win32"
      ],
      "bin": {
        "copilot-win32-arm64": "copilot.exe"
      }
    },
    "node_modules/@github/copilot-win32-x64": {
      "version": "1.0.70",
      "resolved": "https://registry.npmjs.org/@github/copilot-win32-x64/-/copilot-win32-x64-1.0.70.tgz",
      "integrity": "sha512-KFDZ750CwhjKF6uATQ1pv1XrYHI+/qTQta954gYZaa+YJEXRstGd284uJ6NI3YXfshZwhTs64JdjN4xLodYwrA==",
      "cpu": [
        "x64"
      ],
      "license": "SEE LICENSE IN LICENSE.md",
      "optional": true,
      "os": [
        "win32"
      ],
      "bin": {
        "copilot-win32-x64": "copilot.exe"
      }
    },
    "node_modules/detect-libc": {
      "version": "2.1.2",
      "resolved": "https://registry.npmjs.org/detect-libc/-/detect-libc-2.1.2.tgz",
      "integrity": "sha512-Btj2BOOO83o3WyH59e8MgXsxEQVcarkUOpEYrubB0urwnN10yQ364rsiByU11nZlqWYZm05i/of7io4mzihBtQ==",
      "license": "Apache-2.0",
      "engines": {
        "node": ">=8"
      }
    }
  }
}
