{
  "name": "copilot-cli",
  "lockfileVersion": 3,
  "requires": true,
  "packages": {
    "": {
      "dependencies": {
        "@github/copilot": "1.0.60"
      }
    },
    "node_modules/@github/copilot": {
      "version": "1.0.60",
      "resolved": "https://registry.npmjs.org/@github/copilot/-/copilot-1.0.60.tgz",
      "integrity": "sha512-+GjW+GJNo55nwJwt48o9szWcyhuY0u682cBKQI1ay9jVBX8DCCXC6HB6Tyv5/MaM4N7CxTiEgp48aVMkye8K+g==",
      "license": "SEE LICENSE IN LICENSE.md",
      "dependencies": {
        "detect-libc": "^2.1.2"
      },
      "bin": {
        "copilot": "npm-loader.js"
      },
      "optionalDependencies": {
        "@github/copilot-darwin-arm64": "1.0.60",
        "@github/copilot-darwin-x64": "1.0.60",
        "@github/copilot-linux-arm64": "1.0.60",
        "@github/copilot-linux-x64": "1.0.60",
        "@github/copilot-linuxmusl-arm64": "1.0.60",
        "@github/copilot-linuxmusl-x64": "1.0.60",
        "@github/copilot-win32-arm64": "1.0.60",
        "@github/copilot-win32-x64": "1.0.60"
      }
    },
    "node_modules/@github/copilot-darwin-arm64": {
      "version": "1.0.60",
      "resolved": "https://registry.npmjs.org/@github/copilot-darwin-arm64/-/copilot-darwin-arm64-1.0.60.tgz",
      "integrity": "sha512-TErNaVxsv+uB3bdHwdoKorCd1rhiRh7HkX48vnS7jwqa8EtGgAkzNrHKC7mruL2rnYOOsNIdPfhzQk+2Y6PSxQ==",
      "cpu": [
        "arm64"
      ],
      "license": "SEE LICENSE IN LICENSE.md",
      "optional": true,
      "os": [
        "darwin"
      ],
      "bin": {
        "copilot-darwin-arm64": "copilot"
      }
    },
    "node_modules/@github/copilot-darwin-x64": {
      "version": "1.0.60",
      "resolved": "https://registry.npmjs.org/@github/copilot-darwin-x64/-/copilot-darwin-x64-1.0.60.tgz",
      "integrity": "sha512-PthhcR6PqbQlT04xQKTElpPSJOrJd65nK/l9Sjmpwtk21RrDKs13DCY/19ubP17updYUWBxp3VNfyfN3DAQKOA==",
      "cpu": [
        "x64"
      ],
      "license": "SEE LICENSE IN LICENSE.md",
      "optional": true,
      "os": [
        "darwin"
      ],
      "bin": {
        "copilot-darwin-x64": "copilot"
      }
    },
    "node_modules/@github/copilot-linux-arm64": {
      "version": "1.0.60",
      "resolved": "https://registry.npmjs.org/@github/copilot-linux-arm64/-/copilot-linux-arm64-1.0.60.tgz",
      "integrity": "sha512-AVahkDVQTiGmHvDjlb4CHO8CFEGqmCEipxi0qTA60oH3Y3W2C4aYBwEBtP/85pN3wUUKZJVrWTCcxdufUBuK2Q==",
      "cpu": [
        "arm64"
      ],
      "libc": [
        "glibc"
      ],
      "license": "SEE LICENSE IN LICENSE.md",
      "optional": true,
      "os": [
        "linux"
      ],
      "bin": {
        "copilot-linux-arm64": "copilot"
      }
    },
    "node_modules/@github/copilot-linux-x64": {
      "version": "1.0.60",
      "resolved": "https://registry.npmjs.org/@github/copilot-linux-x64/-/copilot-linux-x64-1.0.60.tgz",
      "integrity": "sha512-NwQjV2ZyUdJVAO4t7wiT+eR3uNWYP57xaLUIhf6JTMGpsTyN+mAFXW63xpwM/K+Pug62uRDQDBjEeOQRB7qZrA==",
      "cpu": [
        "x64"
      ],
      "libc": [
        "glibc"
      ],
      "license": "SEE LICENSE IN LICENSE.md",
      "optional": true,
      "os": [
        "linux"
      ],
      "bin": {
        "copilot-linux-x64": "copilot"
      }
    },
    "node_modules/@github/copilot-linuxmusl-arm64": {
      "version": "1.0.60",
      "resolved": "https://registry.npmjs.org/@github/copilot-linuxmusl-arm64/-/copilot-linuxmusl-arm64-1.0.60.tgz",
      "integrity": "sha512-AYGPc9vq2k248bVwUbiVJ65kIYYMQQ7ci+S3oefWBIyYtYwAH0n+Q/IGAj49IPrelBarYABAsX+EQZJJC8rhxw==",
      "cpu": [
        "arm64"
      ],
      "libc": [
        "musl"
      ],
      "license": "SEE LICENSE IN LICENSE.md",
      "optional": true,
      "os": [
        "linux"
      ],
      "bin": {
        "copilot-linuxmusl-arm64": "copilot"
      }
    },
    "node_modules/@github/copilot-linuxmusl-x64": {
      "version": "1.0.60",
      "resolved": "https://registry.npmjs.org/@github/copilot-linuxmusl-x64/-/copilot-linuxmusl-x64-1.0.60.tgz",
      "integrity": "sha512-9/F7yl0/9FpGvYR/TCQtbhu0vIaUVem6U7em85QYaEjkS45nK500pByCMWY0bXv2eSS8U2g+8FOAjfkyLlxwPw==",
      "cpu": [
        "x64"
      ],
      "libc": [
        "musl"
      ],
      "license": "SEE LICENSE IN LICENSE.md",
      "optional": true,
      "os": [
        "linux"
      ],
      "bin": {
        "copilot-linuxmusl-x64": "copilot"
      }
    },
    "node_modules/@github/copilot-win32-arm64": {
      "version": "1.0.60",
      "resolved": "https://registry.npmjs.org/@github/copilot-win32-arm64/-/copilot-win32-arm64-1.0.60.tgz",
      "integrity": "sha512-ZxxS+Ua1+7Puz80yTOpQ4WS+s32NjrxIsqo8gE0FpuZId16BGOGbWkzWQvR/k2AVBCqpLZ7SK3LfDVKuKJRbpA==",
      "cpu": [
        "arm64"
      ],
      "license": "SEE LICENSE IN LICENSE.md",
      "optional": true,
      "os": [
        "win32"
      ],
      "bin": {
        "copilot-win32-arm64": "copilot.exe"
      }
    },
    "node_modules/@github/copilot-win32-x64": {
      "version": "1.0.60",
      "resolved": "https://registry.npmjs.org/@github/copilot-win32-x64/-/copilot-win32-x64-1.0.60.tgz",
      "integrity": "sha512-e91ZlFz9J1lkadExLg36oN8Ms/xIa03vAEir3DmyCeYebZ+Y48vdS+BwhQEma+GLoxJUOhzHndCckGnMRfNIbA==",
      "cpu": [
        "x64"
      ],
      "license": "SEE LICENSE IN LICENSE.md",
      "optional": true,
      "os": [
        "win32"
      ],
      "bin": {
        "copilot-win32-x64": "copilot.exe"
      }
    },
    "node_modules/detect-libc": {
      "version": "2.1.2",
      "resolved": "https://registry.npmjs.org/detect-libc/-/detect-libc-2.1.2.tgz",
      "integrity": "sha512-Btj2BOOO83o3WyH59e8MgXsxEQVcarkUOpEYrubB0urwnN10yQ364rsiByU11nZlqWYZm05i/of7io4mzihBtQ==",
      "license": "Apache-2.0",
      "engines": {
        "node": ">=8"
      }
    }
  }
}
